<?xml version="1.0"?>
<CONFIG>
  <ProjectOptions>
    <PathDelim Value="/"/>
    <Version Value="6"/>
    <General>
      <MainUnit Value="0"/>
      <IconPath Value="./"/>
      <TargetFileExt Value=".exe"/>
      <UseXPManifest Value="True"/>
      <ActiveEditorIndexAtStart Value="0"/>
    </General>
    <VersionInfo>
      <ProjectVersion Value=""/>
      <Language Value=""/>
      <CharSet Value=""/>
    </VersionInfo>
    <PublishOptions>
      <Version Value="2"/>
      <IgnoreBinaries Value="False"/>
      <IncludeFileFilter Value="*.(pas|pp|inc|lfm|lpr|lrs|lpi|lpk|sh|xml)"/>
      <ExcludeFileFilter Value="*.(bak|ppu|ppw|o|so);*~;backup"/>
    </PublishOptions>
    <RunParams>
      <local>
        <FormatVersion Value="1"/>
        <LaunchingApplication PathPlusParams="/usr/X11R6/bin/xterm -T 'Lazarus Run Output' -e $(LazarusDir)/tools/runwait.sh $(TargetCmdLine)"/>
      </local>
    </RunParams>
    <RequiredPackages Count="1">
      <Item1>
        <PackageName Value="LCL"/>
      </Item1>
    </RequiredPackages>
    <Units Count="3">
      <Unit0>
        <Filename Value="keyfinder.lpr"/>
        <IsPartOfProject Value="True"/>
        <UnitName Value="keyfinder"/>
        <CursorPos X="1" Y="1"/>
        <TopLine Value="1"/>
        <UsageCount Value="29"/>
      </Unit0>
      <Unit1>
        <Filename Value="main.pas"/>
        <ComponentName Value="Form1"/>
        <IsPartOfProject Value="True"/>
        <ResourceBaseClass Value="Form"/>
        <ResourceFilename Value="main.lrs"/>
        <UnitName Value="main"/>
        <CursorPos X="61" Y="128"/>
        <TopLine Value="109"/>
        <EditorIndex Value="0"/>
        <UsageCount Value="29"/>
        <Loaded Value="True"/>
      </Unit1>
      <Unit2>
        <Filename Value="main.lfm"/>
        <CursorPos X="13" Y="7"/>
        <TopLine Value="40"/>
        <UsageCount Value="10"/>
        <SyntaxHighlighter Value="LFM"/>
      </Unit2>
    </Units>
    <JumpHistory Count="20" HistoryIndex="19">
      <Position1>
        <Filename Value="main.pas"/>
        <Caret Line="56" Column="18" TopLine="38"/>
      </Position1>
      <Position2>
        <Filename Value="main.pas"/>
        <Caret Line="9" Column="66" TopLine="1"/>
      </Position2>
      <Position3>
        <Filename Value="main.pas"/>
        <Caret Line="221" Column="100" TopLine="206"/>
      </Position3>
      <Position4>
        <Filename Value="main.pas"/>
        <Caret Line="220" Column="10" TopLine="205"/>
      </Position4>
      <Position5>
        <Filename Value="main.pas"/>
        <Caret Line="222" Column="108" TopLine="208"/>
      </Position5>
      <Position6>
        <Filename Value="main.pas"/>
        <Caret Line="213" Column="5" TopLine="202"/>
      </Position6>
      <Position7>
        <Filename Value="main.pas"/>
        <Caret Line="47" Column="48" TopLine="46"/>
      </Position7>
      <Position8>
        <Filename Value="main.pas"/>
        <Caret Line="151" Column="3" TopLine="66"/>
      </Position8>
      <Position9>
        <Filename Value="main.pas"/>
        <Caret Line="115" Column="5" TopLine="100"/>
      </Position9>
      <Position10>
        <Filename Value="main.pas"/>
        <Caret Line="116" Column="22" TopLine="106"/>
      </Position10>
      <Position11>
        <Filename Value="main.pas"/>
        <Caret Line="115" Column="7" TopLine="100"/>
      </Position11>
      <Position12>
        <Filename Value="main.pas"/>
        <Caret Line="116" Column="5" TopLine="101"/>
      </Position12>
      <Position13>
        <Filename Value="main.pas"/>
        <Caret Line="78" Column="20" TopLine="63"/>
      </Position13>
      <Position14>
        <Filename Value="main.pas"/>
        <Caret Line="119" Column="9" TopLine="95"/>
      </Position14>
      <Position15>
        <Filename Value="main.pas"/>
        <Caret Line="131" Column="9" TopLine="113"/>
      </Position15>
      <Position16>
        <Filename Value="main.pas"/>
        <Caret Line="171" Column="5" TopLine="162"/>
      </Position16>
      <Position17>
        <Filename Value="main.pas"/>
        <Caret Line="258" Column="60" TopLine="161"/>
      </Position17>
      <Position18>
        <Filename Value="main.pas"/>
        <Caret Line="127" Column="81" TopLine="113"/>
      </Position18>
      <Position19>
        <Filename Value="main.pas"/>
        <Caret Line="164" Column="39" TopLine="145"/>
      </Position19>
      <Position20>
        <Filename Value="main.pas"/>
        <Caret Line="163" Column="87" TopLine="148"/>
      </Position20>
    </JumpHistory>
  </ProjectOptions>
  <CompilerOptions>
    <Version Value="8"/>
    <SearchPaths>
      <IncludeFiles Value="$(ProjOutDir)/"/>
      <LCLWidgetType Value="gtk2"/>
    </SearchPaths>
    <Parsing>
      <SyntaxOptions>
        <CStyleOperator Value="False"/>
      </SyntaxOptions>
    </Parsing>
    <CodeGeneration>
      <SmallerCode Value="True"/>
      <Optimizations>
        <OptimizationLevel Value="0"/>
      </Optimizations>
    </CodeGeneration>
    <Linking>
      <Options>
        <Win32>
          <GraphicApplication Value="True"/>
        </Win32>
      </Options>
    </Linking>
    <Other>
      <CompilerPath Value="$(CompPath)"/>
      <CreateMakefileOnBuild Value="True"/>
    </Other>
  </CompilerOptions>
  <Debugging>
    <Exceptions Count="3">
      <Item1>
        <Name Value="EAbort"/>
      </Item1>
      <Item2>
        <Name Value="ECodetoolError"/>
      </Item2>
      <Item3>
        <Name Value="EFOpenError"/>
      </Item3>
    </Exceptions>
  </Debugging>
</CONFIG>
